
Microsoft Visual Studio Solution File, Format Version 12.00
# Visual Studio Version 17
VisualStudioVersion = 17.14.36616.10 d17.14
MinimumVisualStudioVersion = 10.0.40219.1
Project("{FAE04EC0-301F-11D3-BF4B-00C04F79EFBC}") = "Samples2025", "Samples2025.csproj", "{034C0ECA-5DB4-4F58-AFD7-AB4FE3E3D3AE}"
EndProject
Global
	GlobalSection(SolutionConfigurationPlatforms) = preSolution
		Debug|Any CPU = Debug|Any CPU
		Release|Any CPU = Release|Any CPU
	EndGlobalSection
	GlobalSection(ProjectConfigurationPlatforms) = postSolution
		{034C0ECA-5DB4-4F58-AFD7-AB4FE3E3D3AE}.Debug|Any CPU.ActiveCfg = Debug|Any CPU
		{034C0ECA-5DB4-4F58-AFD7-AB4FE3E3D3AE}.Debug|Any CPU.Build.0 = Debug|Any CPU
		{034C0ECA-5DB4-4F58-AFD7-AB4FE3E3D3AE}.Release|Any CPU.ActiveCfg = Release|Any CPU
		{034C0ECA-5DB4-4F58-AFD7-AB4FE3E3D3AE}.Release|Any CPU.Build.0 = Release|Any CPU
	EndGlobalSection
	GlobalSection(SolutionProperties) = preSolution
		HideSolutionNode = FALSE
	EndGlobalSection
	GlobalSection(ExtensibilityGlobals) = postSolution
		SolutionGuid = {69AA35B2-71CE-4F22-BDE1-8F5012E1F03D}
	EndGlobalSection
EndGlobal
